
Microsoft Visual Studio Solution File, Format Version 12.00
# Visual Studio Version 17
VisualStudioVersion = 17.5.002.0
MinimumVisualStudioVersion = 10.0.40219.1
Project("{9A19103F-16F7-4668-BE54-9A1E7A4F7556}") = "Microsoft VS Code", "Microsoft VS Code.csproj", "{5B432254-7B7C-4CFC-A6CF-4F691F3630DE}"
EndProject
Global
	GlobalSection(SolutionConfigurationPlatforms) = preSolution
		Debug|Any CPU = Debug|Any CPU
		Release|Any CPU = Release|Any CPU
	EndGlobalSection
	GlobalSection(ProjectConfigurationPlatforms) = postSolution
		{5B432254-7B7C-4CFC-A6CF-4F691F3630DE}.Debug|Any CPU.ActiveCfg = Debug|Any CPU
		{5B432254-7B7C-4CFC-A6CF-4F691F3630DE}.Debug|Any CPU.Build.0 = Debug|Any CPU
		{5B432254-7B7C-4CFC-A6CF-4F691F3630DE}.Release|Any CPU.ActiveCfg = Release|Any CPU
		{5B432254-7B7C-4CFC-A6CF-4F691F3630DE}.Release|Any CPU.Build.0 = Release|Any CPU
	EndGlobalSection
	GlobalSection(SolutionProperties) = preSolution
		HideSolutionNode = FALSE
	EndGlobalSection
	GlobalSection(ExtensibilityGlobals) = postSolution
		SolutionGuid = {88AE932A-7C58-4C42-96D6-A7785497E0F8}
	EndGlobalSection
EndGlobal
